
Microsoft Visual Studio Solution File, Format Version 12.00
# Visual Studio 15
VisualStudioVersion = 15.0.27004.2005
MinimumVisualStudioVersion = 10.0.40219.1
Project("{FAE04EC0-301F-11D3-BF4B-00C04F79EFBC}") = "Xm.Atividade2.Android", "Xm.Atividade2\Xm.Atividade2.Android\Xm.Atividade2.Android.csproj", "{5651C440-4EAF-491F-BD45-0B7EA3AC3CE1}"
EndProject
Project("{FAE04EC0-301F-11D3-BF4B-00C04F79EFBC}") = "Xm.Atividade2", "Xm.Atividade2\Xm.Atividade2\Xm.Atividade2.csproj", "{536A89FA-9FF2-4FCB-98F5-77AB83955C7F}"
EndProject
Project("{FAE04EC0-301F-11D3-BF4B-00C04F79EFBC}") = "Xm.Atividade2.UWP", "Xm.Atividade2\Xm.Atividade2.UWP\Xm.Atividade2.UWP.csproj", "{44DC6D24-EEE1-47D4-961B-E4B192E1DB61}"
EndProject
Project("{FAE04EC0-301F-11D3-BF4B-00C04F79EFBC}") = "Xm.Atividade2.iOS", "Xm.Atividade2\Xm.Atividade2.iOS\Xm.Atividade2.iOS.csproj", "{4DB3CB3C-5D81-4F7B-B285-469FFA269235}"
EndProject
Global
	GlobalSection(SolutionConfigurationPlatforms) = preSolution
		Ad-Hoc|Any CPU = Ad-Hoc|Any CPU
		Ad-Hoc|ARM = Ad-Hoc|ARM
		Ad-Hoc|iPhone = Ad-Hoc|iPhone
		Ad-Hoc|iPhoneSimulator = Ad-Hoc|iPhoneSimulator
		Ad-Hoc|x64 = Ad-Hoc|x64
		Ad-Hoc|x86 = Ad-Hoc|x86
		AppStore|Any CPU = AppStore|Any CPU
		AppStore|ARM = AppStore|ARM
		AppStore|iPhone = AppStore|iPhone
		AppStore|iPhoneSimulator = AppStore|iPhoneSimulator
		AppStore|x64 = AppStore|x64
		AppStore|x86 = AppStore|x86
		Debug|Any CPU = Debug|Any CPU
		Debug|ARM = Debug|ARM
		Debug|iPhone = Debug|iPhone
		Debug|iPhoneSimulator = Debug|iPhoneSimulator
		Debug|x64 = Debug|x64
		Debug|x86 = Debug|x86
		Release|Any CPU = Release|Any CPU
		Release|ARM = Release|ARM
		Release|iPhone = Release|iPhone
		Release|iPhoneSimulator = Release|iPhoneSimulator
		Release|x64 = Release|x64
		Release|x86 = Release|x86
	EndGlobalSection
	GlobalSection(ProjectConfigurationPlatforms) = postSolution
		{5651C440-4EAF-491F-BD45-0B7EA3AC3CE1}.Ad-Hoc|Any CPU.ActiveCfg = Release|Any CPU
		{5651C440-4EAF-491F-BD45-0B7EA3AC3CE1}.Ad-Hoc|Any CPU.Build.0 = Release|Any CPU
		{5651C440-4EAF-491F-BD45-0B7EA3AC3CE1}.Ad-Hoc|Any CPU.Deploy.0 = Release|Any CPU
		{5651C440-4EAF-491F-BD45-0B7EA3AC3CE1}.Ad-Hoc|ARM.ActiveCfg = Release|Any CPU
		{5651C440-4EAF-491F-BD45-0B7EA3AC3CE1}.Ad-Hoc|ARM.Build.0 = Release|Any CPU
		{5651C440-4EAF-491F-BD45-0B7EA3AC3CE1}.Ad-Hoc|ARM.Deploy.0 = Release|Any CPU
		{5651C440-4EAF-491F-BD45-0B7EA3AC3CE1}.Ad-Hoc|iPhone.ActiveCfg = Release|Any CPU
		{5651C440-4EAF-491F-BD45-0B7EA3AC3CE1}.Ad-Hoc|iPhone.Build.0 = Release|Any CPU
		{5651C440-4EAF-491F-BD45-0B7EA3AC3CE1}.Ad-Hoc|iPhone.Deploy.0 = Release|Any CPU
		{5651C440-4EAF-491F-BD45-0B7EA3AC3CE1}.Ad-Hoc|iPhoneSimulator.ActiveCfg = Release|Any CPU
		{5651C440-4EAF-491F-BD45-0B7EA3AC3CE1}.Ad-Hoc|iPhoneSimulator.Build.0 = Release|Any CPU
		{5651C440-4EAF-491F-BD45-0B7EA3AC3CE1}.Ad-Hoc|iPhoneSimulator.Deploy.0 = Release|Any CPU
		{5651C440-4EAF-491F-BD45-0B7EA3AC3CE1}.Ad-Hoc|x64.ActiveCfg = Release|Any CPU
		{5651C440-4EAF-491F-BD45-0B7EA3AC3CE1}.Ad-Hoc|x64.Build.0 = Release|Any CPU
		{5651C440-4EAF-491F-BD45-0B7EA3AC3CE1}.Ad-Hoc|x64.Deploy.0 = Release|Any CPU
		{5651C440-4EAF-491F-BD45-0B7EA3AC3CE1}.Ad-Hoc|x86.ActiveCfg = Release|Any CPU
		{5651C440-4EAF-491F-BD45-0B7EA3AC3CE1}.Ad-Hoc|x86.Build.0 = Release|Any CPU
		{5651C440-4EAF-491F-BD45-0B7EA3AC3CE1}.Ad-Hoc|x86.Deploy.0 = Release|Any CPU
		{5651C440-4EAF-491F-BD45-0B7EA3AC3CE1}.AppStore|Any CPU.ActiveCfg = Release|Any CPU
		{5651C440-4EAF-491F-BD45-0B7EA3AC3CE1}.AppStore|Any CPU.Build.0 = Release|Any CPU
		{5651C440-4EAF-491F-BD45-0B7EA3AC3CE1}.AppStore|Any CPU.Deploy.0 = Release|Any CPU
		{5651C440-4EAF-491F-BD45-0B7EA3AC3CE1}.AppStore|ARM.ActiveCfg = Release|Any CPU
		{5651C440-4EAF-491F-BD45-0B7EA3AC3CE1}.AppStore|ARM.Build.0 = Release|Any CPU
		{5651C440-4EAF-491F-BD45-0B7EA3AC3CE1}.AppStore|ARM.Deploy.0 = Release|Any CPU
		{5651C440-4EAF-491F-BD45-0B7EA3AC3CE1}.AppStore|iPhone.ActiveCfg = Release|Any CPU
		{5651C440-4EAF-491F-BD45-0B7EA3AC3CE1}.AppStore|iPhone.Build.0 = Release|Any CPU
		{5651C440-4EAF-491F-BD45-0B7EA3AC3CE1}.AppStore|iPhone.Deploy.0 = Release|Any CPU
		{5651C440-4EAF-491F-BD45-0B7EA3AC3CE1}.AppStore|iPhoneSimulator.ActiveCfg = Release|Any CPU
		{5651C440-4EAF-491F-BD45-0B7EA3AC3CE1}.AppStore|iPhoneSimulator.Build.0 = Release|Any CPU
		{5651C440-4EAF-491F-BD45-0B7EA3AC3CE1}.AppStore|iPhoneSimulator.Deploy.0 = Release|Any CPU
		{5651C440-4EAF-491F-BD45-0B7EA3AC3CE1}.AppStore|x64.ActiveCfg = Release|Any CPU
		{5651C440-4EAF-491F-BD45-0B7EA3AC3CE1}.AppStore|x64.Build.0 = Release|Any CPU
		{5651C440-4EAF-491F-BD45-0B7EA3AC3CE1}.AppStore|x64.Deploy.0 = Release|Any CPU
		{5651C440-4EAF-491F-BD45-0B7EA3AC3CE1}.AppStore|x86.ActiveCfg = Release|Any CPU
		{5651C440-4EAF-491F-BD45-0B7EA3AC3CE1}.AppStore|x86.Build.0 = Release|Any CPU
		{5651C440-4EAF-491F-BD45-0B7EA3AC3CE1}.AppStore|x86.Deploy.0 = Release|Any CPU
		{5651C440-4EAF-491F-BD45-0B7EA3AC3CE1}.Debug|Any CPU.ActiveCfg = Debug|Any CPU
		{5651C440-4EAF-491F-BD45-0B7EA3AC3CE1}.Debug|Any CPU.Build.0 = Debug|Any CPU
		{5651C440-4EAF-491F-BD45-0B7EA3AC3CE1}.Debug|Any CPU.Deploy.0 = Debug|Any CPU
		{5651C440-4EAF-491F-BD45-0B7EA3AC3CE1}.Debug|ARM.ActiveCfg = Debug|Any CPU
		{5651C440-4EAF-491F-BD45-0B7EA3AC3CE1}.Debug|ARM.Build.0 = Debug|Any CPU
		{5651C440-4EAF-491F-BD45-0B7EA3AC3CE1}.Debug|ARM.Deploy.0 = Debug|Any CPU
		{5651C440-4EAF-491F-BD45-0B7EA3AC3CE1}.Debug|iPhone.ActiveCfg = Debug|Any CPU
		{5651C440-4EAF-491F-BD45-0B7EA3AC3CE1}.Debug|iPhone.Build.0 = Debug|Any CPU
		{5651C440-4EAF-491F-BD45-0B7EA3AC3CE1}.Debug|iPhone.Deploy.0 = Debug|Any CPU
		{5651C440-4EAF-491F-BD45-0B7EA3AC3CE1}.Debug|iPhoneSimulator.ActiveCfg = Debug|Any CPU
		{5651C440-4EAF-491F-BD45-0B7EA3AC3CE1}.Debug|iPhoneSimulator.Build.0 = Debug|Any CPU
		{5651C440-4EAF-491F-BD45-0B7EA3AC3CE1}.Debug|iPhoneSimulator.Deploy.0 = Debug|Any CPU
		{5651C440-4EAF-491F-BD45-0B7EA3AC3CE1}.Debug|x64.ActiveCfg = Debug|Any CPU
		{5651C440-4EAF-491F-BD45-0B7EA3AC3CE1}.Debug|x64.Build.0 = Debug|Any CPU
		{5651C440-4EAF-491F-BD45-0B7EA3AC3CE1}.Debug|x64.Deploy.0 = Debug|Any CPU
		{5651C440-4EAF-491F-BD45-0B7EA3AC3CE1}.Debug|x86.ActiveCfg = Debug|Any CPU
		{5651C440-4EAF-491F-BD45-0B7EA3AC3CE1}.Debug|x86.Build.0 = Debug|Any CPU
		{5651C440-4EAF-491F-BD45-0B7EA3AC3CE1}.Debug|x86.Deploy.0 = Debug|Any CPU
		{5651C440-4EAF-491F-BD45-0B7EA3AC3CE1}.Release|Any CPU.ActiveCfg = Release|Any CPU
		{5651C440-4EAF-491F-BD45-0B7EA3AC3CE1}.Release|Any CPU.Build.0 = Release|Any CPU
		{5651C440-4EAF-491F-BD45-0B7EA3AC3CE1}.Release|Any CPU.Deploy.0 = Release|Any CPU
		{5651C440-4EAF-491F-BD45-0B7EA3AC3CE1}.Release|ARM.ActiveCfg = Release|Any CPU
		{5651C440-4EAF-491F-BD45-0B7EA3AC3CE1}.Release|ARM.Build.0 = Release|Any CPU
		{5651C440-4EAF-491F-BD45-0B7EA3AC3CE1}.Release|ARM.Deploy.0 = Release|Any CPU
		{5651C440-4EAF-491F-BD45-0B7EA3AC3CE1}.Release|iPhone.ActiveCfg = Release|Any CPU
		{5651C440-4EAF-491F-BD45-0B7EA3AC3CE1}.Release|iPhone.Build.0 = Release|Any CPU
		{5651C440-4EAF-491F-BD45-0B7EA3AC3CE1}.Release|iPhone.Deploy.0 = Release|Any CPU
		{5651C440-4EAF-491F-BD45-0B7EA3AC3CE1}.Release|iPhoneSimulator.ActiveCfg = Release|Any CPU
		{5651C440-4EAF-491F-BD45-0B7EA3AC3CE1}.Release|iPhoneSimulator.Build.0 = Release|Any CPU
		{5651C440-4EAF-491F-BD45-0B7EA3AC3CE1}.Release|iPhoneSimulator.Deploy.0 = Release|Any CPU
		{5651C440-4EAF-491F-BD45-0B7EA3AC3CE1}.Release|x64.ActiveCfg = Release|Any CPU
		{5651C440-4EAF-491F-BD45-0B7EA3AC3CE1}.Release|x64.Build.0 = Release|Any CPU
		{5651C440-4EAF-491F-BD45-0B7EA3AC3CE1}.Release|x64.Deploy.0 = Release|Any CPU
		{5651C440-4EAF-491F-BD45-0B7EA3AC3CE1}.Release|x86.ActiveCfg = Release|Any CPU
		{5651C440-4EAF-491F-BD45-0B7EA3AC3CE1}.Release|x86.Build.0 = Release|Any CPU
		{5651C440-4EAF-491F-BD45-0B7EA3AC3CE1}.Release|x86.Deploy.0 = Release|Any CPU
		{536A89FA-9FF2-4FCB-98F5-77AB83955C7F}.Ad-Hoc|Any CPU.ActiveCfg = Release|Any CPU
		{536A89FA-9FF2-4FCB-98F5-77AB83955C7F}.Ad-Hoc|Any CPU.Build.0 = Release|Any CPU
		{536A89FA-9FF2-4FCB-98F5-77AB83955C7F}.Ad-Hoc|ARM.ActiveCfg = Release|Any CPU
		{536A89FA-9FF2-4FCB-98F5-77AB83955C7F}.Ad-Hoc|ARM.Build.0 = Release|Any CPU
		{536A89FA-9FF2-4FCB-98F5-77AB83955C7F}.Ad-Hoc|iPhone.ActiveCfg = Release|Any CPU
		{536A89FA-9FF2-4FCB-98F5-77AB83955C7F}.Ad-Hoc|iPhone.Build.0 = Release|Any CPU
		{536A89FA-9FF2-4FCB-98F5-77AB83955C7F}.Ad-Hoc|iPhoneSimulator.ActiveCfg = Release|Any CPU
		{536A89FA-9FF2-4FCB-98F5-77AB83955C7F}.Ad-Hoc|iPhoneSimulator.Build.0 = Release|Any CPU
		{536A89FA-9FF2-4FCB-98F5-77AB83955C7F}.Ad-Hoc|x64.ActiveCfg = Release|Any CPU
		{536A89FA-9FF2-4FCB-98F5-77AB83955C7F}.Ad-Hoc|x64.Build.0 = Release|Any CPU
		{536A89FA-9FF2-4FCB-98F5-77AB83955C7F}.Ad-Hoc|x86.ActiveCfg = Release|Any CPU
		{536A89FA-9FF2-4FCB-98F5-77AB83955C7F}.Ad-Hoc|x86.Build.0 = Release|Any CPU
		{536A89FA-9FF2-4FCB-98F5-77AB83955C7F}.AppStore|Any CPU.ActiveCfg = Release|Any CPU
		{536A89FA-9FF2-4FCB-98F5-77AB83955C7F}.AppStore|Any CPU.Build.0 = Release|Any CPU
		{536A89FA-9FF2-4FCB-98F5-77AB83955C7F}.AppStore|ARM.ActiveCfg = Release|Any CPU
		{536A89FA-9FF2-4FCB-98F5-77AB83955C7F}.AppStore|ARM.Build.0 = Release|Any CPU
		{536A89FA-9FF2-4FCB-98F5-77AB83955C7F}.AppStore|iPhone.ActiveCfg = Release|Any CPU
		{536A89FA-9FF2-4FCB-98F5-77AB83955C7F}.AppStore|iPhone.Build.0 = Release|Any CPU
		{536A89FA-9FF2-4FCB-98F5-77AB83955C7F}.AppStore|iPhoneSimulator.ActiveCfg = Release|Any CPU
		{536A89FA-9FF2-4FCB-98F5-77AB83955C7F}.AppStore|iPhoneSimulator.Build.0 = Release|Any CPU
		{536A89FA-9FF2-4FCB-98F5-77AB83955C7F}.AppStore|x64.ActiveCfg = Release|Any CPU
		{536A89FA-9FF2-4FCB-98F5-77AB83955C7F}.AppStore|x64.Build.0 = Release|Any CPU
		{536A89FA-9FF2-4FCB-98F5-77AB83955C7F}.AppStore|x86.ActiveCfg = Release|Any CPU
		{536A89FA-9FF2-4FCB-98F5-77AB83955C7F}.AppStore|x86.Build.0 = Release|Any CPU
		{536A89FA-9FF2-4FCB-98F5-77AB83955C7F}.Debug|Any CPU.ActiveCfg = Debug|Any CPU
		{536A89FA-9FF2-4FCB-98F5-77AB83955C7F}.Debug|Any CPU.Build.0 = Debug|Any CPU
		{536A89FA-9FF2-4FCB-98F5-77AB83955C7F}.Debug|ARM.ActiveCfg = Debug|Any CPU
		{536A89FA-9FF2-4FCB-98F5-77AB83955C7F}.Debug|ARM.Build.0 = Debug|Any CPU
		{536A89FA-9FF2-4FCB-98F5-77AB83955C7F}.Debug|iPhone.ActiveCfg = Debug|Any CPU
		{536A89FA-9FF2-4FCB-98F5-77AB83955C7F}.Debug|iPhone.Build.0 = Debug|Any CPU
		{536A89FA-9FF2-4FCB-98F5-77AB83955C7F}.Debug|iPhoneSimulator.ActiveCfg = Debug|Any CPU
		{536A89FA-9FF2-4FCB-98F5-77AB83955C7F}.Debug|iPhoneSimulator.Build.0 = Debug|Any CPU
		{536A89FA-9FF2-4FCB-98F5-77AB83955C7F}.Debug|x64.ActiveCfg = Debug|Any CPU
		{536A89FA-9FF2-4FCB-98F5-77AB83955C7F}.Debug|x64.Build.0 = Debug|Any CPU
		{536A89FA-9FF2-4FCB-98F5-77AB83955C7F}.Debug|x86.ActiveCfg = Debug|Any CPU
		{536A89FA-9FF2-4FCB-98F5-77AB83955C7F}.Debug|x86.Build.0 = Debug|Any CPU
		{536A89FA-9FF2-4FCB-98F5-77AB83955C7F}.Release|Any CPU.ActiveCfg = Release|Any CPU
		{536A89FA-9FF2-4FCB-98F5-77AB83955C7F}.Release|Any CPU.Build.0 = Release|Any CPU
		{536A89FA-9FF2-4FCB-98F5-77AB83955C7F}.Release|ARM.ActiveCfg = Release|Any CPU
		{536A89FA-9FF2-4FCB-98F5-77AB83955C7F}.Release|ARM.Build.0 = Release|Any CPU
		{536A89FA-9FF2-4FCB-98F5-77AB83955C7F}.Release|iPhone.ActiveCfg = Release|Any CPU
		{536A89FA-9FF2-4FCB-98F5-77AB83955C7F}.Release|iPhone.Build.0 = Release|Any CPU
		{536A89FA-9FF2-4FCB-98F5-77AB83955C7F}.Release|iPhoneSimulator.ActiveCfg = Release|Any CPU
		{536A89FA-9FF2-4FCB-98F5-77AB83955C7F}.Release|iPhoneSimulator.Build.0 = Release|Any CPU
		{536A89FA-9FF2-4FCB-98F5-77AB83955C7F}.Release|x64.ActiveCfg = Release|Any CPU
		{536A89FA-9FF2-4FCB-98F5-77AB83955C7F}.Release|x64.Build.0 = Release|Any CPU
		{536A89FA-9FF2-4FCB-98F5-77AB83955C7F}.Release|x86.ActiveCfg = Release|Any CPU
		{536A89FA-9FF2-4FCB-98F5-77AB83955C7F}.Release|x86.Build.0 = Release|Any CPU
		{44DC6D24-EEE1-47D4-961B-E4B192E1DB61}.Ad-Hoc|Any CPU.ActiveCfg = Release|x86
		{44DC6D24-EEE1-47D4-961B-E4B192E1DB61}.Ad-Hoc|Any CPU.Build.0 = Release|x86
		{44DC6D24-EEE1-47D4-961B-E4B192E1DB61}.Ad-Hoc|Any CPU.Deploy.0 = Release|x86
		{44DC6D24-EEE1-47D4-961B-E4B192E1DB61}.Ad-Hoc|ARM.ActiveCfg = Release|ARM
		{44DC6D24-EEE1-47D4-961B-E4B192E1DB61}.Ad-Hoc|ARM.Build.0 = Release|ARM
		{44DC6D24-EEE1-47D4-961B-E4B192E1DB61}.Ad-Hoc|ARM.Deploy.0 = Release|ARM
		{44DC6D24-EEE1-47D4-961B-E4B192E1DB61}.Ad-Hoc|iPhone.ActiveCfg = Release|x86
		{44DC6D24-EEE1-47D4-961B-E4B192E1DB61}.Ad-Hoc|iPhone.Build.0 = Release|x86
		{44DC6D24-EEE1-47D4-961B-E4B192E1DB61}.Ad-Hoc|iPhone.Deploy.0 = Release|x86
		{44DC6D24-EEE1-47D4-961B-E4B192E1DB61}.Ad-Hoc|iPhoneSimulator.ActiveCfg = Release|x86
		{44DC6D24-EEE1-47D4-961B-E4B192E1DB61}.Ad-Hoc|iPhoneSimulator.Build.0 = Release|x86
		{44DC6D24-EEE1-47D4-961B-E4B192E1DB61}.Ad-Hoc|iPhoneSimulator.Deploy.0 = Release|x86
		{44DC6D24-EEE1-47D4-961B-E4B192E1DB61}.Ad-Hoc|x64.ActiveCfg = Release|x64
		{44DC6D24-EEE1-47D4-961B-E4B192E1DB61}.Ad-Hoc|x64.Build.0 = Release|x64
		{44DC6D24-EEE1-47D4-961B-E4B192E1DB61}.Ad-Hoc|x64.Deploy.0 = Release|x64
		{44DC6D24-EEE1-47D4-961B-E4B192E1DB61}.Ad-Hoc|x86.ActiveCfg = Release|x86
		{44DC6D24-EEE1-47D4-961B-E4B192E1DB61}.Ad-Hoc|x86.Build.0 = Release|x86
		{44DC6D24-EEE1-47D4-961B-E4B192E1DB61}.Ad-Hoc|x86.Deploy.0 = Release|x86
		{44DC6D24-EEE1-47D4-961B-E4B192E1DB61}.AppStore|Any CPU.ActiveCfg = Release|x86
		{44DC6D24-EEE1-47D4-961B-E4B192E1DB61}.AppStore|Any CPU.Build.0 = Release|x86
		{44DC6D24-EEE1-47D4-961B-E4B192E1DB61}.AppStore|Any CPU.Deploy.0 = Release|x86
		{44DC6D24-EEE1-47D4-961B-E4B192E1DB61}.AppStore|ARM.ActiveCfg = Release|ARM
		{44DC6D24-EEE1-47D4-961B-E4B192E1DB61}.AppStore|ARM.Build.0 = Release|ARM
		{44DC6D24-EEE1-47D4-961B-E4B192E1DB61}.AppStore|ARM.Deploy.0 = Release|ARM
		{44DC6D24-EEE1-47D4-961B-E4B192E1DB61}.AppStore|iPhone.ActiveCfg = Release|x86
		{44DC6D24-EEE1-47D4-961B-E4B192E1DB61}.AppStore|iPhone.Build.0 = Release|x86
		{44DC6D24-EEE1-47D4-961B-E4B192E1DB61}.AppStore|iPhone.Deploy.0 = Release|x86
		{44DC6D24-EEE1-47D4-961B-E4B192E1DB61}.AppStore|iPhoneSimulator.ActiveCfg = Release|x86
		{44DC6D24-EEE1-47D4-961B-E4B192E1DB61}.AppStore|iPhoneSimulator.Build.0 = Release|x86
		{44DC6D24-EEE1-47D4-961B-E4B192E1DB61}.AppStore|iPhoneSimulator.Deploy.0 = Release|x86
		{44DC6D24-EEE1-47D4-961B-E4B192E1DB61}.AppStore|x64.ActiveCfg = Release|x64
		{44DC6D24-EEE1-47D4-961B-E4B192E1DB61}.AppStore|x64.Build.0 = Release|x64
		{44DC6D24-EEE1-47D4-961B-E4B192E1DB61}.AppStore|x64.Deploy.0 = Release|x64
		{44DC6D24-EEE1-47D4-961B-E4B192E1DB61}.AppStore|x86.ActiveCfg = Release|x86
		{44DC6D24-EEE1-47D4-961B-E4B192E1DB61}.AppStore|x86.Build.0 = Release|x86
		{44DC6D24-EEE1-47D4-961B-E4B192E1DB61}.AppStore|x86.Deploy.0 = Release|x86
		{44DC6D24-EEE1-47D4-961B-E4B192E1DB61}.Debug|Any CPU.ActiveCfg = Debug|x86
		{44DC6D24-EEE1-47D4-961B-E4B192E1DB61}.Debug|ARM.ActiveCfg = Debug|ARM
		{44DC6D24-EEE1-47D4-961B-E4B192E1DB61}.Debug|ARM.Build.0 = Debug|ARM
		{44DC6D24-EEE1-47D4-961B-E4B192E1DB61}.Debug|ARM.Deploy.0 = Debug|ARM
		{44DC6D24-EEE1-47D4-961B-E4B192E1DB61}.Debug|iPhone.ActiveCfg = Debug|x86
		{44DC6D24-EEE1-47D4-961B-E4B192E1DB61}.Debug|iPhoneSimulator.ActiveCfg = Debug|x86
		{44DC6D24-EEE1-47D4-961B-E4B192E1DB61}.Debug|x64.ActiveCfg = Debug|x64
		{44DC6D24-EEE1-47D4-961B-E4B192E1DB61}.Debug|x64.Build.0 = Debug|x64
		{44DC6D24-EEE1-47D4-961B-E4B192E1DB61}.Debug|x64.Deploy.0 = Debug|x64
		{44DC6D24-EEE1-47D4-961B-E4B192E1DB61}.Debug|x86.ActiveCfg = Debug|x86
		{44DC6D24-EEE1-47D4-961B-E4B192E1DB61}.Debug|x86.Build.0 = Debug|x86
		{44DC6D24-EEE1-47D4-961B-E4B192E1DB61}.Debug|x86.Deploy.0 = Debug|x86
		{44DC6D24-EEE1-47D4-961B-E4B192E1DB61}.Release|Any CPU.ActiveCfg = Release|x86
		{44DC6D24-EEE1-47D4-961B-E4B192E1DB61}.Release|ARM.ActiveCfg = Release|ARM
		{44DC6D24-EEE1-47D4-961B-E4B192E1DB61}.Release|ARM.Build.0 = Release|ARM
		{44DC6D24-EEE1-47D4-961B-E4B192E1DB61}.Release|ARM.Deploy.0 = Release|ARM
		{44DC6D24-EEE1-47D4-961B-E4B192E1DB61}.Release|iPhone.ActiveCfg = Release|x86
		{44DC6D24-EEE1-47D4-961B-E4B192E1DB61}.Release|iPhoneSimulator.ActiveCfg = Release|x86
		{44DC6D24-EEE1-47D4-961B-E4B192E1DB61}.Release|x64.ActiveCfg = Release|x64
		{44DC6D24-EEE1-47D4-961B-E4B192E1DB61}.Release|x64.Build.0 = Release|x64
		{44DC6D24-EEE1-47D4-961B-E4B192E1DB61}.Release|x64.Deploy.0 = Release|x64
		{44DC6D24-EEE1-47D4-961B-E4B192E1DB61}.Release|x86.ActiveCfg = Release|x86
		{44DC6D24-EEE1-47D4-961B-E4B192E1DB61}.Release|x86.Build.0 = Release|x86
		{44DC6D24-EEE1-47D4-961B-E4B192E1DB61}.Release|x86.Deploy.0 = Release|x86
		{4DB3CB3C-5D81-4F7B-B285-469FFA269235}.Ad-Hoc|Any CPU.ActiveCfg = Ad-Hoc|iPhoneSimulator
		{4DB3CB3C-5D81-4F7B-B285-469FFA269235}.Ad-Hoc|ARM.ActiveCfg = Ad-Hoc|iPhone
		{4DB3CB3C-5D81-4F7B-B285-469FFA269235}.Ad-Hoc|iPhone.ActiveCfg = Ad-Hoc|iPhone
		{4DB3CB3C-5D81-4F7B-B285-469FFA269235}.Ad-Hoc|iPhone.Build.0 = Ad-Hoc|iPhone
		{4DB3CB3C-5D81-4F7B-B285-469FFA269235}.Ad-Hoc|iPhoneSimulator.ActiveCfg = Ad-Hoc|iPhoneSimulator
		{4DB3CB3C-5D81-4F7B-B285-469FFA269235}.Ad-Hoc|iPhoneSimulator.Build.0 = Ad-Hoc|iPhoneSimulator
		{4DB3CB3C-5D81-4F7B-B285-469FFA269235}.Ad-Hoc|x64.ActiveCfg = Ad-Hoc|iPhone
		{4DB3CB3C-5D81-4F7B-B285-469FFA269235}.Ad-Hoc|x86.ActiveCfg = Ad-Hoc|iPhone
		{4DB3CB3C-5D81-4F7B-B285-469FFA269235}.AppStore|Any CPU.ActiveCfg = AppStore|iPhoneSimulator
		{4DB3CB3C-5D81-4F7B-B285-469FFA269235}.AppStore|ARM.ActiveCfg = AppStore|iPhone
		{4DB3CB3C-5D81-4F7B-B285-469FFA269235}.AppStore|iPhone.ActiveCfg = AppStore|iPhone
		{4DB3CB3C-5D81-4F7B-B285-469FFA269235}.AppStore|iPhone.Build.0 = AppStore|iPhone
		{4DB3CB3C-5D81-4F7B-B285-469FFA269235}.AppStore|iPhoneSimulator.ActiveCfg = AppStore|iPhoneSimulator
		{4DB3CB3C-5D81-4F7B-B285-469FFA269235}.AppStore|iPhoneSimulator.Build.0 = AppStore|iPhoneSimulator
		{4DB3CB3C-5D81-4F7B-B285-469FFA269235}.AppStore|x64.ActiveCfg = AppStore|iPhone
		{4DB3CB3C-5D81-4F7B-B285-469FFA269235}.AppStore|x86.ActiveCfg = AppStore|iPhone
		{4DB3CB3C-5D81-4F7B-B285-469FFA269235}.Debug|Any CPU.ActiveCfg = Debug|iPhoneSimulator
		{4DB3CB3C-5D81-4F7B-B285-469FFA269235}.Debug|ARM.ActiveCfg = Debug|iPhone
		{4DB3CB3C-5D81-4F7B-B285-469FFA269235}.Debug|iPhone.ActiveCfg = Debug|iPhone
		{4DB3CB3C-5D81-4F7B-B285-469FFA269235}.Debug|iPhone.Build.0 = Debug|iPhone
		{4DB3CB3C-5D81-4F7B-B285-469FFA269235}.Debug|iPhoneSimulator.ActiveCfg = Debug|iPhoneSimulator
		{4DB3CB3C-5D81-4F7B-B285-469FFA269235}.Debug|iPhoneSimulator.Build.0 = Debug|iPhoneSimulator
		{4DB3CB3C-5D81-4F7B-B285-469FFA269235}.Debug|x64.ActiveCfg = Debug|iPhone
		{4DB3CB3C-5D81-4F7B-B285-469FFA269235}.Debug|x86.ActiveCfg = Debug|iPhone
		{4DB3CB3C-5D81-4F7B-B285-469FFA269235}.Release|Any CPU.ActiveCfg = Release|iPhoneSimulator
		{4DB3CB3C-5D81-4F7B-B285-469FFA269235}.Release|ARM.ActiveCfg = Release|iPhone
		{4DB3CB3C-5D81-4F7B-B285-469FFA269235}.Release|iPhone.ActiveCfg = Release|iPhone
		{4DB3CB3C-5D81-4F7B-B285-469FFA269235}.Release|iPhone.Build.0 = Release|iPhone
		{4DB3CB3C-5D81-4F7B-B285-469FFA269235}.Release|iPhoneSimulator.ActiveCfg = Release|iPhoneSimulator
		{4DB3CB3C-5D81-4F7B-B285-469FFA269235}.Release|iPhoneSimulator.Build.0 = Release|iPhoneSimulator
		{4DB3CB3C-5D81-4F7B-B285-469FFA269235}.Release|x64.ActiveCfg = Release|iPhone
		{4DB3CB3C-5D81-4F7B-B285-469FFA269235}.Release|x86.ActiveCfg = Release|iPhone
	EndGlobalSection
	GlobalSection(SolutionProperties) = preSolution
		HideSolutionNode = FALSE
	EndGlobalSection
	GlobalSection(ExtensibilityGlobals) = postSolution
		SolutionGuid = {8D0A70C7-3088-4A8C-A14C-DA53A8A79D53}
	EndGlobalSection
EndGlobal
